
Microsoft Visual Studio Solution File, Format Version 12.00
# Visual Studio Version 17
VisualStudioVersion = 17.11.35327.3
MinimumVisualStudioVersion = 10.0.40219.1
Project("{FAE04EC0-301F-11D3-BF4B-00C04F79EFBC}") = "bakkal", "bakkal.csproj", "{719F9EFB-EBE3-4D92-9217-53DAF98064D2}"
EndProject
Global
	GlobalSection(SolutionConfigurationPlatforms) = preSolution
		Debug|Any CPU = Debug|Any CPU
		Release|Any CPU = Release|Any CPU
	EndGlobalSection
	GlobalSection(ProjectConfigurationPlatforms) = postSolution
		{719F9EFB-EBE3-4D92-9217-53DAF98064D2}.Debug|Any CPU.ActiveCfg = Debug|Any CPU
		{719F9EFB-EBE3-4D92-9217-53DAF98064D2}.Debug|Any CPU.Build.0 = Debug|Any CPU
		{719F9EFB-EBE3-4D92-9217-53DAF98064D2}.Release|Any CPU.ActiveCfg = Release|Any CPU
		{719F9EFB-EBE3-4D92-9217-53DAF98064D2}.Release|Any CPU.Build.0 = Release|Any CPU
	EndGlobalSection
	GlobalSection(SolutionProperties) = preSolution
		HideSolutionNode = FALSE
	EndGlobalSection
	GlobalSection(ExtensibilityGlobals) = postSolution
		SolutionGuid = {D0958EB8-C081-45C2-BCC5-3B60B09B593B}
	EndGlobalSection
EndGlobal
